<?xml version="1.0" encoding="utf-8"?>
<Project ToolsVersion="4.0" xmlns="http://schemas.microsoft.com/developer/msbuild/2003">
  <ItemGroup>
    <ClCompile Include="BruteforceAlgo.cc">
      <Filter>pareto</Filter>
    </ClCompile>
    <ClCompile Include="Datapoint.cc">
      <Filter>pareto</Filter>
    </ClCompile>
    <ClCompile Include="pareto.cc">
      <Filter>pareto</Filter>
    </ClCompile>
    <ClCompile Include="StablesortAlgo.cc">
      <Filter>pareto</Filter>
    </ClCompile>
    <ClCompile Include="NondominatedsortAlgo.cc">
      <Filter>pareto</Filter>
    </ClCompile>
    <ClCompile Include="AgeBreed.cpp">
      <Filter>cpp</Filter>
    </ClCompile>
    <ClCompile Include="Crossover.cpp">
      <Filter>cpp</Filter>
    </ClCompile>
    <ClCompile Include="AgeFitSelect.cpp">
      <Filter>cpp</Filter>
    </ClCompile>
    <ClCompile Include="ApplyGenetics.cpp">
      <Filter>cpp</Filter>
    </ClCompile>
    <ClCompile Include="DC.cpp">
      <Filter>cpp</Filter>
    </ClCompile>
    <ClCompile Include="Eqn2Line.cpp">
      <Filter>cpp</Filter>
    </ClCompile>
    <ClCompile Include="Develep.cpp">
      <Filter>cpp</Filter>
    </ClCompile>
    <ClCompile Include="EpiHC.cpp">
      <Filter>cpp</Filter>
    </ClCompile>
    <ClCompile Include="Fitness.cpp">
      <Filter>cpp</Filter>
    </ClCompile>
    <ClCompile Include="FitnessEstimator.cpp">
      <Filter>cpp</Filter>
    </ClCompile>
    <ClCompile Include="general_fns.cpp">
      <Filter>cpp</Filter>
    </ClCompile>
    <ClCompile Include="Generation.cpp">
      <Filter>cpp</Filter>
    </ClCompile>
    <ClCompile Include="HillClimb.cpp">
      <Filter>cpp</Filter>
    </ClCompile>
    <ClCompile Include="InitPop.cpp">
      <Filter>cpp</Filter>
    </ClCompile>
    <ClCompile Include="LexicaseSelect.cpp">
      <Filter>cpp</Filter>
    </ClCompile>
    <ClCompile Include="Line2Eqn.cpp">
      <Filter>cpp</Filter>
    </ClCompile>
    <ClCompile Include="Mutate.cpp">
      <Filter>cpp</Filter>
    </ClCompile>
    <ClCompile Include="runDevelep.cpp">
      <Filter>cpp</Filter>
    </ClCompile>
    <ClCompile Include="stdafx.cpp">
      <Filter>cpp</Filter>
    </ClCompile>
    <ClCompile Include="strdist.cpp">
      <Filter>cpp</Filter>
    </ClCompile>
    <ClCompile Include="Tournament.cpp">
      <Filter>cpp</Filter>
    </ClCompile>
  </ItemGroup>
  <ItemGroup>
    <ClInclude Include="BruteforceAlgo.h">
      <Filter>pareto</Filter>
    </ClInclude>
    <ClInclude Include="Datapoint.h">
      <Filter>pareto</Filter>
    </ClInclude>
    <ClInclude Include="pareto.h">
      <Filter>pareto</Filter>
    </ClInclude>
    <ClInclude Include="ParetoAlgo.h">
      <Filter>pareto</Filter>
    </ClInclude>
    <ClInclude Include="StablesortAlgo.h">
      <Filter>pareto</Filter>
    </ClInclude>
    <ClInclude Include="NondominatedsortAlgo.h">
      <Filter>pareto</Filter>
    </ClInclude>
    <ClInclude Include="data.h">
      <Filter>h</Filter>
    </ClInclude>
    <ClInclude Include="Eqn2Line.h">
      <Filter>h</Filter>
    </ClInclude>
    <ClInclude Include="Fitness.h">
      <Filter>h</Filter>
    </ClInclude>
    <ClInclude Include="FitnessEstimator.h">
      <Filter>h</Filter>
    </ClInclude>
    <ClInclude Include="general_fns.h">
      <Filter>h</Filter>
    </ClInclude>
    <ClInclude Include="Generation.h">
      <Filter>h</Filter>
    </ClInclude>
    <ClInclude Include="Generationfns.h">
      <Filter>h</Filter>
    </ClInclude>
    <ClInclude Include="InitPop.h">
      <Filter>h</Filter>
    </ClInclude>
    <ClInclude Include="Line2Eqn.h">
      <Filter>h</Filter>
    </ClInclude>
    <ClInclude Include="logger.h">
      <Filter>h</Filter>
    </ClInclude>
    <ClInclude Include="mstream.h">
      <Filter>h</Filter>
    </ClInclude>
    <ClInclude Include="op_node.h">
      <Filter>h</Filter>
    </ClInclude>
    <ClInclude Include="p_archive.h">
      <Filter>h</Filter>
    </ClInclude>
    <ClInclude Include="params.h">
      <Filter>h</Filter>
    </ClInclude>
    <ClInclude Include="pop.h">
      <Filter>h</Filter>
    </ClInclude>
    <ClInclude Include="rnd.h">
      <Filter>h</Filter>
    </ClInclude>
    <ClInclude Include="runDevelep.h">
      <Filter>h</Filter>
    </ClInclude>
    <ClInclude Include="state.h">
      <Filter>cpp</Filter>
    </ClInclude>
    <ClInclude Include="stdafx.h">
      <Filter>h</Filter>
    </ClInclude>
    <ClInclude Include="strdist.h">
      <Filter>h</Filter>
    </ClInclude>
    <ClInclude Include="targetver.h">
      <Filter>h</Filter>
    </ClInclude>
  </ItemGroup>
  <ItemGroup>
    <Filter Include="pareto">
      <UniqueIdentifier>{383b743d-05a5-4482-a995-a32f97be5120}</UniqueIdentifier>
    </Filter>
    <Filter Include="h">
      <UniqueIdentifier>{4c60b599-11a5-4e35-bd02-4f8db328d538}</UniqueIdentifier>
    </Filter>
    <Filter Include="cpp">
      <UniqueIdentifier>{9ea3d54b-20f2-46e0-9bd8-ad7574eda27b}</UniqueIdentifier>
    </Filter>
  </ItemGroup>
  <ItemGroup>
    <None Include="ReadMe.txt" />
  </ItemGroup>
</Project>