<?xml version="1.0" encoding="utf-8"?>
<Project ToolsVersion="4.0" xmlns="http://schemas.microsoft.com/developer/msbuild/2003">
  <ItemGroup>
    <ClCompile Include="RunTrials.cpp">
      <Filter>RunTrials</Filter>
    </ClCompile>
    <ClCompile Include="stdafx.cpp">
      <Filter>RunTrials</Filter>
    </ClCompile>
    <ClCompile Include="..\Devilep\AgeBreed.cpp">
      <Filter>Develep</Filter>
    </ClCompile>
    <ClCompile Include="..\Devilep\Tournament.cpp">
      <Filter>Develep</Filter>
    </ClCompile>
    <ClCompile Include="..\Devilep\AgeFitSelect.cpp">
      <Filter>Develep</Filter>
    </ClCompile>
    <ClCompile Include="..\Devilep\ApplyGenetics.cpp">
      <Filter>Develep</Filter>
    </ClCompile>
    <ClCompile Include="..\Devilep\Crossover.cpp">
      <Filter>Develep</Filter>
    </ClCompile>
    <ClCompile Include="..\Devilep\DC.cpp">
      <Filter>Develep</Filter>
    </ClCompile>
    <ClCompile Include="..\Devilep\EpiHC.cpp">
      <Filter>Develep</Filter>
    </ClCompile>
    <ClCompile Include="..\Devilep\Fitness.cpp">
      <Filter>Develep</Filter>
    </ClCompile>
    <ClCompile Include="..\Devilep\general_fns.cpp">
      <Filter>Develep</Filter>
    </ClCompile>
    <ClCompile Include="..\Devilep\Generation.cpp">
      <Filter>Develep</Filter>
    </ClCompile>
    <ClCompile Include="..\Devilep\HillClimb.cpp">
      <Filter>Develep</Filter>
    </ClCompile>
    <ClCompile Include="..\Devilep\InitPop.cpp">
      <Filter>Develep</Filter>
    </ClCompile>
    <ClCompile Include="..\Devilep\Line2Eqn.cpp">
      <Filter>Develep</Filter>
    </ClCompile>
    <ClCompile Include="..\Devilep\Mutate.cpp">
      <Filter>Develep</Filter>
    </ClCompile>
    <ClCompile Include="..\Devilep\runDevelep.cpp">
      <Filter>Develep</Filter>
    </ClCompile>
    <ClCompile Include="..\Devilep\strdist.cpp">
      <Filter>Develep</Filter>
    </ClCompile>
    <ClCompile Include="..\Devilep\BruteforceAlgo.cc">
      <Filter>pareto</Filter>
    </ClCompile>
    <ClCompile Include="..\Devilep\Datapoint.cc">
      <Filter>pareto</Filter>
    </ClCompile>
    <ClCompile Include="..\Devilep\NondominatedsortAlgo.cc">
      <Filter>pareto</Filter>
    </ClCompile>
    <ClCompile Include="..\Devilep\pareto.cc">
      <Filter>pareto</Filter>
    </ClCompile>
    <ClCompile Include="..\Devilep\StablesortAlgo.cc">
      <Filter>pareto</Filter>
    </ClCompile>
    <ClCompile Include="..\Devilep\LexicaseSelect.cpp">
      <Filter>Develep</Filter>
    </ClCompile>
  </ItemGroup>
  <ItemGroup>
    <ClInclude Include="targetver.h">
      <Filter>RunTrials</Filter>
    </ClInclude>
    <ClInclude Include="..\Devilep\data.h">
      <Filter>Develep</Filter>
    </ClInclude>
    <ClInclude Include="..\Devilep\exprtk.hpp">
      <Filter>Develep</Filter>
    </ClInclude>
    <ClInclude Include="..\Devilep\Fitness.h">
      <Filter>Develep</Filter>
    </ClInclude>
    <ClInclude Include="..\Devilep\general_fns.h">
      <Filter>Develep</Filter>
    </ClInclude>
    <ClInclude Include="..\Devilep\Generation.h">
      <Filter>Develep</Filter>
    </ClInclude>
    <ClInclude Include="..\Devilep\Generationfns.h">
      <Filter>Develep</Filter>
    </ClInclude>
    <ClInclude Include="..\Devilep\InitPop.h">
      <Filter>Develep</Filter>
    </ClInclude>
    <ClInclude Include="..\Devilep\isnan.h">
      <Filter>Develep</Filter>
    </ClInclude>
    <ClInclude Include="..\Devilep\Line2Eqn.h">
      <Filter>Develep</Filter>
    </ClInclude>
    <ClInclude Include="..\Devilep\logger.h">
      <Filter>Develep</Filter>
    </ClInclude>
    <ClInclude Include="..\Devilep\mstream.h">
      <Filter>Develep</Filter>
    </ClInclude>
    <ClInclude Include="..\Devilep\op_node.h">
      <Filter>Develep</Filter>
    </ClInclude>
    <ClInclude Include="..\Devilep\p_archive.h">
      <Filter>Develep</Filter>
    </ClInclude>
    <ClInclude Include="..\Devilep\pop.h">
      <Filter>Develep</Filter>
    </ClInclude>
    <ClInclude Include="..\Devilep\rnd.h">
      <Filter>Develep</Filter>
    </ClInclude>
    <ClInclude Include="..\Devilep\runDevelep.h">
      <Filter>Develep</Filter>
    </ClInclude>
    <ClInclude Include="..\Devilep\state.h">
      <Filter>Develep</Filter>
    </ClInclude>
    <ClInclude Include="..\Devilep\strdist.h">
      <Filter>Develep</Filter>
    </ClInclude>
    <ClInclude Include="..\Devilep\targetver.h">
      <Filter>Develep</Filter>
    </ClInclude>
    <ClInclude Include="..\Devilep\BruteforceAlgo.h">
      <Filter>pareto</Filter>
    </ClInclude>
    <ClInclude Include="..\Devilep\Datapoint.h">
      <Filter>pareto</Filter>
    </ClInclude>
    <ClInclude Include="..\Devilep\NondominatedsortAlgo.h">
      <Filter>pareto</Filter>
    </ClInclude>
    <ClInclude Include="..\Devilep\pareto.h">
      <Filter>pareto</Filter>
    </ClInclude>
    <ClInclude Include="..\Devilep\ParetoAlgo.h">
      <Filter>pareto</Filter>
    </ClInclude>
    <ClInclude Include="..\Devilep\StablesortAlgo.h">
      <Filter>pareto</Filter>
    </ClInclude>
    <ClInclude Include="stdafx.h">
      <Filter>RunTrials</Filter>
    </ClInclude>
  </ItemGroup>
  <ItemGroup>
    <Filter Include="Develep">
      <UniqueIdentifier>{d95539bb-66b8-4221-97fe-ed67c5496309}</UniqueIdentifier>
    </Filter>
    <Filter Include="RunTrials">
      <UniqueIdentifier>{bcb1b8b0-d3ea-4eb7-bce7-ddb268738576}</UniqueIdentifier>
    </Filter>
    <Filter Include="pareto">
      <UniqueIdentifier>{0658043a-518a-4331-b2cc-f8c5f161ec17}</UniqueIdentifier>
    </Filter>
  </ItemGroup>
  <ItemGroup>
    <None Include="..\Devilep\ReadMe.txt">
      <Filter>Develep</Filter>
    </None>
  </ItemGroup>
</Project>