<?xml version="1.0" encoding="utf-8"?>
<Project ToolsVersion="4.0" xmlns="http://schemas.microsoft.com/developer/msbuild/2003">
  <ItemGroup>
    <Filter Include="Source Files">
      <UniqueIdentifier>{4FC737F1-C7A5-4376-A066-2A32D752A2FF}</UniqueIdentifier>
      <Extensions>cpp;c;cc;cxx;def;odl;idl;hpj;bat;asm;asmx</Extensions>
    </Filter>
    <Filter Include="Header Files">
      <UniqueIdentifier>{93995380-89BD-4b04-88EB-625FBE52EBFB}</UniqueIdentifier>
      <Extensions>h;hpp;hxx;hm;inl;inc;xsd</Extensions>
    </Filter>
    <Filter Include="Resource Files">
      <UniqueIdentifier>{67DA6AB6-F800-4c08-8B7A-83BB121AAD01}</UniqueIdentifier>
      <Extensions>rc;ico;cur;bmp;dlg;rc2;rct;bin;rgs;gif;jpg;jpeg;jpe;resx;tiff;tif;png;wav;mfcribbon-ms</Extensions>
    </Filter>
  </ItemGroup>
  <ItemGroup>
    <None Include="ReadMe.txt" />
  </ItemGroup>
  <ItemGroup>
    <ClInclude Include="stdafx.h">
      <Filter>Header Files</Filter>
    </ClInclude>
    <ClInclude Include="targetver.h">
      <Filter>Header Files</Filter>
    </ClInclude>
    <ClInclude Include="..\Devilep\strdist.h">
      <Filter>Header Files</Filter>
    </ClInclude>
    <ClInclude Include="..\Devilep\state.h">
      <Filter>Header Files</Filter>
    </ClInclude>
    <ClInclude Include="..\Devilep\rnd.h">
      <Filter>Header Files</Filter>
    </ClInclude>
    <ClInclude Include="..\Devilep\pop.h">
      <Filter>Header Files</Filter>
    </ClInclude>
    <ClInclude Include="..\Devilep\params.h">
      <Filter>Header Files</Filter>
    </ClInclude>
    <ClInclude Include="..\Devilep\mstream.h">
      <Filter>Header Files</Filter>
    </ClInclude>
    <ClInclude Include="..\Devilep\isnan.h">
      <Filter>Header Files</Filter>
    </ClInclude>
    <ClInclude Include="..\Devilep\instructionset.h">
      <Filter>Header Files</Filter>
    </ClInclude>
    <ClInclude Include="..\Devilep\logger.h">
      <Filter>Header Files</Filter>
    </ClInclude>
    <ClInclude Include="..\Devilep\Generationfns.h">
      <Filter>Header Files</Filter>
    </ClInclude>
    <ClInclude Include="..\Devilep\Generation.h">
      <Filter>Header Files</Filter>
    </ClInclude>
    <ClInclude Include="..\Devilep\general_fns.h">
      <Filter>Header Files</Filter>
    </ClInclude>
    <ClInclude Include="..\Devilep\Gen2Phen.h">
      <Filter>Header Files</Filter>
    </ClInclude>
    <ClInclude Include="..\Devilep\Fitness.h">
      <Filter>Header Files</Filter>
    </ClInclude>
    <ClInclude Include="..\Devilep\exprtk.hpp">
      <Filter>Header Files</Filter>
    </ClInclude>
    <ClInclude Include="..\Devilep\exprtk_flt.hpp">
      <Filter>Header Files</Filter>
    </ClInclude>
    <ClInclude Include="..\Devilep\evaluator.h">
      <Filter>Header Files</Filter>
    </ClInclude>
    <ClInclude Include="..\Devilep\data.h">
      <Filter>Header Files</Filter>
    </ClInclude>
    <ClInclude Include="..\Devilep\InitPop.h">
      <Filter>Header Files</Filter>
    </ClInclude>
    <ClInclude Include="..\Devilep\runDevelep.h">
      <Filter>Header Files</Filter>
    </ClInclude>
  </ItemGroup>
  <ItemGroup>
    <ClCompile Include="stdafx.cpp">
      <Filter>Source Files</Filter>
    </ClCompile>
    <ClCompile Include="RunTrials.cpp">
      <Filter>Source Files</Filter>
    </ClCompile>
    <ClCompile Include="..\Devilep\runDevelep.cpp">
      <Filter>Source Files</Filter>
    </ClCompile>
    <ClCompile Include="..\Devilep\ApplyGenetics.cpp">
      <Filter>Source Files</Filter>
    </ClCompile>
    <ClCompile Include="..\Devilep\Tournament.cpp">
      <Filter>Source Files</Filter>
    </ClCompile>
    <ClCompile Include="..\Devilep\Crossover.cpp">
      <Filter>Source Files</Filter>
    </ClCompile>
    <ClCompile Include="..\Devilep\CrossoverP.cpp">
      <Filter>Source Files</Filter>
    </ClCompile>
    <ClCompile Include="..\Devilep\DC.cpp">
      <Filter>Source Files</Filter>
    </ClCompile>
    <ClCompile Include="..\Devilep\EpiHC.cpp">
      <Filter>Source Files</Filter>
    </ClCompile>
    <ClCompile Include="..\Devilep\Fitness.cpp">
      <Filter>Source Files</Filter>
    </ClCompile>
    <ClCompile Include="..\Devilep\Gen2Phen.cpp">
      <Filter>Source Files</Filter>
    </ClCompile>
    <ClCompile Include="..\Devilep\general_fns.cpp">
      <Filter>Source Files</Filter>
    </ClCompile>
    <ClCompile Include="..\Devilep\Generation.cpp">
      <Filter>Source Files</Filter>
    </ClCompile>
    <ClCompile Include="..\Devilep\HillClimb.cpp">
      <Filter>Source Files</Filter>
    </ClCompile>
    <ClCompile Include="..\Devilep\InitPop.cpp">
      <Filter>Source Files</Filter>
    </ClCompile>
    <ClCompile Include="..\Devilep\instructionset.cpp">
      <Filter>Source Files</Filter>
    </ClCompile>
    <ClCompile Include="..\Devilep\Mutate.cpp">
      <Filter>Source Files</Filter>
    </ClCompile>
    <ClCompile Include="..\Devilep\MutateP.cpp">
      <Filter>Source Files</Filter>
    </ClCompile>
    <ClCompile Include="..\Devilep\strdist.cpp">
      <Filter>Source Files</Filter>
    </ClCompile>
    <ClCompile Include="..\Devilep\AgeBreed.cpp">
      <Filter>Source Files</Filter>
    </ClCompile>
    <ClCompile Include="..\Devilep\AgeFitSelect.cpp">
      <Filter>Source Files</Filter>
    </ClCompile>
  </ItemGroup>
</Project>