<?xml version="1.0" encoding="utf-8"?>
<Project ToolsVersion="4.0" xmlns="http://schemas.microsoft.com/developer/msbuild/2003">
  <ItemGroup>
    <ClCompile Include="RunTrials.cpp">
      <Filter>RunTrials</Filter>
    </ClCompile>
    <ClCompile Include="stdafx.cpp">
      <Filter>RunTrials</Filter>
    </ClCompile>
    <ClCompile Include="..\DevelEp\Tournament.cpp">
      <Filter>Develep</Filter>
    </ClCompile>
    <ClCompile Include="..\DevelEp\AgeBreed.cpp">
      <Filter>Develep</Filter>
    </ClCompile>
    <ClCompile Include="..\DevelEp\AgeFitSelect.cpp">
      <Filter>Develep</Filter>
    </ClCompile>
    <ClCompile Include="..\DevelEp\ApplyGenetics.cpp">
      <Filter>Develep</Filter>
    </ClCompile>
    <ClCompile Include="..\DevelEp\Crossover.cpp">
      <Filter>Develep</Filter>
    </ClCompile>
    <ClCompile Include="..\DevelEp\DC.cpp">
      <Filter>Develep</Filter>
    </ClCompile>
    <ClCompile Include="..\DevelEp\EpiHC.cpp">
      <Filter>Develep</Filter>
    </ClCompile>
    <ClCompile Include="..\DevelEp\Eqn2Line.cpp">
      <Filter>Develep</Filter>
    </ClCompile>
    <ClCompile Include="..\DevelEp\Fitness.cpp">
      <Filter>Develep</Filter>
    </ClCompile>
    <ClCompile Include="..\DevelEp\FitnessEstimator.cpp">
      <Filter>Develep</Filter>
    </ClCompile>
    <ClCompile Include="..\DevelEp\general_fns.cpp">
      <Filter>Develep</Filter>
    </ClCompile>
    <ClCompile Include="..\DevelEp\Generation.cpp">
      <Filter>Develep</Filter>
    </ClCompile>
    <ClCompile Include="..\DevelEp\HillClimb.cpp">
      <Filter>Develep</Filter>
    </ClCompile>
    <ClCompile Include="..\DevelEp\InitPop.cpp">
      <Filter>Develep</Filter>
    </ClCompile>
    <ClCompile Include="..\DevelEp\LexicaseSelect.cpp">
      <Filter>Develep</Filter>
    </ClCompile>
    <ClCompile Include="..\DevelEp\Line2Eqn.cpp">
      <Filter>Develep</Filter>
    </ClCompile>
    <ClCompile Include="..\DevelEp\Mutate.cpp">
      <Filter>Develep</Filter>
    </ClCompile>
    <ClCompile Include="..\DevelEp\runDevelep.cpp">
      <Filter>Develep</Filter>
    </ClCompile>
    <ClCompile Include="..\DevelEp\strdist.cpp">
      <Filter>Develep</Filter>
    </ClCompile>
    <ClCompile Include="..\DevelEp\BruteforceAlgo.cc">
      <Filter>pareto</Filter>
    </ClCompile>
    <ClCompile Include="..\DevelEp\Datapoint.cc">
      <Filter>pareto</Filter>
    </ClCompile>
    <ClCompile Include="..\DevelEp\NondominatedsortAlgo.cc">
      <Filter>pareto</Filter>
    </ClCompile>
    <ClCompile Include="..\DevelEp\pareto.cc">
      <Filter>pareto</Filter>
    </ClCompile>
    <ClCompile Include="..\DevelEp\StablesortAlgo.cc">
      <Filter>pareto</Filter>
    </ClCompile>
  </ItemGroup>
  <ItemGroup>
    <ClInclude Include="targetver.h">
      <Filter>RunTrials</Filter>
    </ClInclude>
    <ClInclude Include="stdafx.h">
      <Filter>RunTrials</Filter>
    </ClInclude>
    <ClInclude Include="..\DevelEp\data.h">
      <Filter>Develep</Filter>
    </ClInclude>
    <ClInclude Include="..\DevelEp\Eqn2Line.h">
      <Filter>Develep</Filter>
    </ClInclude>
    <ClInclude Include="..\DevelEp\Fitness.h">
      <Filter>Develep</Filter>
    </ClInclude>
    <ClInclude Include="..\DevelEp\FitnessEstimator.h">
      <Filter>Develep</Filter>
    </ClInclude>
    <ClInclude Include="..\DevelEp\general_fns.h">
      <Filter>Develep</Filter>
    </ClInclude>
    <ClInclude Include="..\DevelEp\Generation.h">
      <Filter>Develep</Filter>
    </ClInclude>
    <ClInclude Include="..\DevelEp\Generationfns.h">
      <Filter>Develep</Filter>
    </ClInclude>
    <ClInclude Include="..\DevelEp\InitPop.h">
      <Filter>Develep</Filter>
    </ClInclude>
    <ClInclude Include="..\DevelEp\isnan.h">
      <Filter>Develep</Filter>
    </ClInclude>
    <ClInclude Include="..\DevelEp\Line2Eqn.h">
      <Filter>Develep</Filter>
    </ClInclude>
    <ClInclude Include="..\DevelEp\logger.h">
      <Filter>Develep</Filter>
    </ClInclude>
    <ClInclude Include="..\DevelEp\mstream.h">
      <Filter>Develep</Filter>
    </ClInclude>
    <ClInclude Include="..\DevelEp\op_node.h">
      <Filter>Develep</Filter>
    </ClInclude>
    <ClInclude Include="..\DevelEp\p_archive.h">
      <Filter>Develep</Filter>
    </ClInclude>
    <ClInclude Include="..\DevelEp\params.h">
      <Filter>Develep</Filter>
    </ClInclude>
    <ClInclude Include="..\DevelEp\pop.h">
      <Filter>Develep</Filter>
    </ClInclude>
    <ClInclude Include="..\DevelEp\rnd.h">
      <Filter>Develep</Filter>
    </ClInclude>
    <ClInclude Include="..\DevelEp\runDevelep.h">
      <Filter>Develep</Filter>
    </ClInclude>
    <ClInclude Include="..\DevelEp\state.h">
      <Filter>Develep</Filter>
    </ClInclude>
    <ClInclude Include="..\DevelEp\strdist.h">
      <Filter>Develep</Filter>
    </ClInclude>
    <ClInclude Include="..\DevelEp\targetver.h">
      <Filter>Develep</Filter>
    </ClInclude>
    <ClInclude Include="..\DevelEp\StablesortAlgo.h">
      <Filter>pareto</Filter>
    </ClInclude>
    <ClInclude Include="..\DevelEp\BruteforceAlgo.h">
      <Filter>pareto</Filter>
    </ClInclude>
    <ClInclude Include="..\DevelEp\Datapoint.h">
      <Filter>pareto</Filter>
    </ClInclude>
    <ClInclude Include="..\DevelEp\NondominatedsortAlgo.h">
      <Filter>pareto</Filter>
    </ClInclude>
    <ClInclude Include="..\DevelEp\pareto.h">
      <Filter>pareto</Filter>
    </ClInclude>
    <ClInclude Include="..\DevelEp\ParetoAlgo.h">
      <Filter>pareto</Filter>
    </ClInclude>
  </ItemGroup>
  <ItemGroup>
    <Filter Include="Develep">
      <UniqueIdentifier>{d95539bb-66b8-4221-97fe-ed67c5496309}</UniqueIdentifier>
    </Filter>
    <Filter Include="RunTrials">
      <UniqueIdentifier>{bcb1b8b0-d3ea-4eb7-bce7-ddb268738576}</UniqueIdentifier>
    </Filter>
    <Filter Include="pareto">
      <UniqueIdentifier>{0658043a-518a-4331-b2cc-f8c5f161ec17}</UniqueIdentifier>
    </Filter>
  </ItemGroup>
  <ItemGroup>
    <None Include="..\DevelEp\ReadMe.txt">
      <Filter>Develep</Filter>
    </None>
  </ItemGroup>
</Project>